// !$*UTF8*$!
{
	archiveVersion = 1;
	classes = {
	};
	objectVersion = 56;
	objects = {

/* Begin PBXBuildFile section */
		84A32CEA2BB30B8C001D6416 /* Launch Screen.storyboard in Resources */ = {isa = PBXBuildFile; fileRef = 84A32CE92BB30B8C001D6416 /* Launch Screen.storyboard */; };
		84A32CEE2BB32A0A001D6416 /* ProductDetailViewModel.swift in Sources */ = {isa = PBXBuildFile; fileRef = 84A32CED2BB32A0A001D6416 /* ProductDetailViewModel.swift */; };
		84A32CF02BB32BA9001D6416 /* ProductDetailFactory.swift in Sources */ = {isa = PBXBuildFile; fileRef = 84A32CEF2BB32BA9001D6416 /* ProductDetailFactory.swift */; };
		84A32CFA2BB345C4001D6416 /* ProductRepositoryImplStub.swift in Sources */ = {isa = PBXBuildFile; fileRef = 84A32CF92BB345C4001D6416 /* ProductRepositoryImplStub.swift */; };
		84A32CFC2BB34EB3001D6416 /* Equatable.swift in Sources */ = {isa = PBXBuildFile; fileRef = 84A32CFB2BB34EB3001D6416 /* Equatable.swift */; };
		84A32D022BB356D6001D6416 /* GetProductListTests.swift in Sources */ = {isa = PBXBuildFile; fileRef = 84A32D012BB356D6001D6416 /* GetProductListTests.swift */; };
		84A32D042BB35CE5001D6416 /* GetProductDetailTests.swift in Sources */ = {isa = PBXBuildFile; fileRef = 84A32D032BB35CE5001D6416 /* GetProductDetailTests.swift */; };
		84A32D082BB36799001D6416 /* ProductRepositoryImplTests.swift in Sources */ = {isa = PBXBuildFile; fileRef = 84A32D072BB36799001D6416 /* ProductRepositoryImplTests.swift */; };
		84A32D0A2BB36C7A001D6416 /* ProductRemoteDataSourceImplStub.swift in Sources */ = {isa = PBXBuildFile; fileRef = 84A32D092BB36C7A001D6416 /* ProductRemoteDataSourceImplStub.swift */; };
		84B557A22BB25AD5004A63E0 /* ProductDetailPresentable.swift in Sources */ = {isa = PBXBuildFile; fileRef = 84B557A12BB25AD5004A63E0 /* ProductDetailPresentable.swift */; };
		84B557A42BB25B0C004A63E0 /* ProductListPresentableItem.swift in Sources */ = {isa = PBXBuildFile; fileRef = 84B557A32BB25B0C004A63E0 /* ProductListPresentableItem.swift */; };
		84B557A62BB26A70004A63E0 /* ProductPresentableErrorMapper.swift in Sources */ = {isa = PBXBuildFile; fileRef = 84B557A52BB26A70004A63E0 /* ProductPresentableErrorMapper.swift */; };
		84B557AA2BB28350004A63E0 /* CustomProgressView.swift in Sources */ = {isa = PBXBuildFile; fileRef = 84B557A92BB28350004A63E0 /* CustomProgressView.swift */; };
		84BE265F2BB0805C005B4073 /* ProductViewModel.swift in Sources */ = {isa = PBXBuildFile; fileRef = 84BE265E2BB0805C005B4073 /* ProductViewModel.swift */; };
		84BE26662BB0BFD2005B4073 /* ProductListFactory.swift in Sources */ = {isa = PBXBuildFile; fileRef = 84BE26652BB0BFD2005B4073 /* ProductListFactory.swift */; };
		84BE26822BB14DB7005B4073 /* GetProductDetail.swift in Sources */ = {isa = PBXBuildFile; fileRef = 84BE26812BB14DB7005B4073 /* GetProductDetail.swift */; };
		84BE26842BB14E05005B4073 /* ProductDetail.swift in Sources */ = {isa = PBXBuildFile; fileRef = 84BE26832BB14E05005B4073 /* ProductDetail.swift */; };
		84BE26862BB155A5005B4073 /* ProductDetailDTO.swift in Sources */ = {isa = PBXBuildFile; fileRef = 84BE26852BB155A5005B4073 /* ProductDetailDTO.swift */; };
		84BEB72F2BADE79800E6D05D /* MELIChallengeAppApp.swift in Sources */ = {isa = PBXBuildFile; fileRef = 84BEB72E2BADE79800E6D05D /* MELIChallengeAppApp.swift */; };
		84BEB7332BADE79B00E6D05D /* Assets.xcassets in Resources */ = {isa = PBXBuildFile; fileRef = 84BEB7322BADE79B00E6D05D /* Assets.xcassets */; };
		84BEB7362BADE79B00E6D05D /* Preview Assets.xcassets in Resources */ = {isa = PBXBuildFile; fileRef = 84BEB7352BADE79B00E6D05D /* Preview Assets.xcassets */; };
		84BEB7402BADE79B00E6D05D /* MELIChallengeAppTests.swift in Sources */ = {isa = PBXBuildFile; fileRef = 84BEB73F2BADE79B00E6D05D /* MELIChallengeAppTests.swift */; };
		84BEB74A2BADE79C00E6D05D /* MELIChallengeAppUITests.swift in Sources */ = {isa = PBXBuildFile; fileRef = 84BEB7492BADE79C00E6D05D /* MELIChallengeAppUITests.swift */; };
		84BEB74C2BADE79C00E6D05D /* MELIChallengeAppUITestsLaunchTests.swift in Sources */ = {isa = PBXBuildFile; fileRef = 84BEB74B2BADE79C00E6D05D /* MELIChallengeAppUITestsLaunchTests.swift */; };
		84BEB75E2BAE069900E6D05D /* RowView.swift in Sources */ = {isa = PBXBuildFile; fileRef = 84BEB75D2BAE069900E6D05D /* RowView.swift */; };
		84BEB7622BAE0D2A00E6D05D /* ProductDetailView.swift in Sources */ = {isa = PBXBuildFile; fileRef = 84BEB7612BAE0D2A00E6D05D /* ProductDetailView.swift */; };
		84BEB7652BAE143000E6D05D /* Kingfisher in Frameworks */ = {isa = PBXBuildFile; productRef = 84BEB7642BAE143000E6D05D /* Kingfisher */; };
		84BEB7672BAE17E700E6D05D /* SearchView.swift in Sources */ = {isa = PBXBuildFile; fileRef = 84BEB7662BAE17E700E6D05D /* SearchView.swift */; };
		84BEB7712BAE264000E6D05D /* Product.swift in Sources */ = {isa = PBXBuildFile; fileRef = 84BEB7702BAE264000E6D05D /* Product.swift */; };
		84BEB7732BAE3D6D00E6D05D /* Carousel.swift in Sources */ = {isa = PBXBuildFile; fileRef = 84BEB7722BAE3D6D00E6D05D /* Carousel.swift */; };
		84FA73532BAF6C9D00279CB4 /* GetProductList.swift in Sources */ = {isa = PBXBuildFile; fileRef = 84FA73522BAF6C9D00279CB4 /* GetProductList.swift */; };
		84FA73572BAF9AAA00279CB4 /* ProductDomainError.swift in Sources */ = {isa = PBXBuildFile; fileRef = 84FA73562BAF9AAA00279CB4 /* ProductDomainError.swift */; };
		84FA735D2BAFA6E300279CB4 /* ProductRemoteDataSource.swift in Sources */ = {isa = PBXBuildFile; fileRef = 84FA735C2BAFA6E300279CB4 /* ProductRemoteDataSource.swift */; };
		84FA73652BAFBE6C00279CB4 /* ProductDTO.swift in Sources */ = {isa = PBXBuildFile; fileRef = 84FA73642BAFBE6C00279CB4 /* ProductDTO.swift */; };
		84FA73672BAFC06200279CB4 /* ProductRepository.swift in Sources */ = {isa = PBXBuildFile; fileRef = 84FA73662BAFC06200279CB4 /* ProductRepository.swift */; };
		84FA73692BAFC0C900279CB4 /* ProductRepositoryImpl.swift in Sources */ = {isa = PBXBuildFile; fileRef = 84FA73682BAFC0C900279CB4 /* ProductRepositoryImpl.swift */; };
		84FA736B2BAFE83100279CB4 /* ProductDomainMapper.swift in Sources */ = {isa = PBXBuildFile; fileRef = 84FA736A2BAFE83100279CB4 /* ProductDomainMapper.swift */; };
		84FA736D2BAFE88900279CB4 /* ProductBuilder.swift in Sources */ = {isa = PBXBuildFile; fileRef = 84FA736C2BAFE88900279CB4 /* ProductBuilder.swift */; };
		84FA736F2BAFE8DE00279CB4 /* ProductDomainErrorMapper.swift in Sources */ = {isa = PBXBuildFile; fileRef = 84FA736E2BAFE8DE00279CB4 /* ProductDomainErrorMapper.swift */; };
		84FA73722BAFEA7400279CB4 /* HTTPClientError.swift in Sources */ = {isa = PBXBuildFile; fileRef = 84FA73712BAFEA7400279CB4 /* HTTPClientError.swift */; };
		84FA73752BAFEC9400279CB4 /* HTTPClientInfra.swift in Sources */ = {isa = PBXBuildFile; fileRef = 84FA73742BAFEC9400279CB4 /* HTTPClientInfra.swift */; };
		84FA73772BAFECCA00279CB4 /* Endpoint.swift in Sources */ = {isa = PBXBuildFile; fileRef = 84FA73762BAFECCA00279CB4 /* Endpoint.swift */; };
		84FA73792BAFECF200279CB4 /* HTTPMethod.swift in Sources */ = {isa = PBXBuildFile; fileRef = 84FA73782BAFECF200279CB4 /* HTTPMethod.swift */; };
		84FA737B2BAFEEDE00279CB4 /* MLApi.swift in Sources */ = {isa = PBXBuildFile; fileRef = 84FA737A2BAFEEDE00279CB4 /* MLApi.swift */; };
		84FA737D2BAFEF9600279CB4 /* URLSessionHTTPClient.swift in Sources */ = {isa = PBXBuildFile; fileRef = 84FA737C2BAFEF9600279CB4 /* URLSessionHTTPClient.swift */; };
		84FA737F2BAFF03000279CB4 /* URLSessionRequestMaker.swift in Sources */ = {isa = PBXBuildFile; fileRef = 84FA737E2BAFF03000279CB4 /* URLSessionRequestMaker.swift */; };
		84FA73812BAFF11200279CB4 /* URLSessionErrorResolver.swift in Sources */ = {isa = PBXBuildFile; fileRef = 84FA73802BAFF11200279CB4 /* URLSessionErrorResolver.swift */; };
		84FA73882BB013C600279CB4 /* Foundation+Extensions.swift in Sources */ = {isa = PBXBuildFile; fileRef = 84FA73872BB013C600279CB4 /* Foundation+Extensions.swift */; };
/* End PBXBuildFile section */

/* Begin PBXContainerItemProxy section */
		84BEB73C2BADE79B00E6D05D /* PBXContainerItemProxy */ = {
			isa = PBXContainerItemProxy;
			containerPortal = 84BEB7232BADE79800E6D05D /* Project object */;
			proxyType = 1;
			remoteGlobalIDString = 84BEB72A2BADE79800E6D05D;
			remoteInfo = MELIChallengeApp;
		};
		84BEB7462BADE79C00E6D05D /* PBXContainerItemProxy */ = {
			isa = PBXContainerItemProxy;
			containerPortal = 84BEB7232BADE79800E6D05D /* Project object */;
			proxyType = 1;
			remoteGlobalIDString = 84BEB72A2BADE79800E6D05D;
			remoteInfo = MELIChallengeApp;
		};
/* End PBXContainerItemProxy section */

/* Begin PBXFileReference section */
		84A32CE82BB3074C001D6416 /* Info.plist */ = {isa = PBXFileReference; lastKnownFileType = text.plist; path = Info.plist; sourceTree = "<group>"; };
		84A32CE92BB30B8C001D6416 /* Launch Screen.storyboard */ = {isa = PBXFileReference; lastKnownFileType = file.storyboard; path = "Launch Screen.storyboard"; sourceTree = "<group>"; };
		84A32CED2BB32A0A001D6416 /* ProductDetailViewModel.swift */ = {isa = PBXFileReference; lastKnownFileType = sourcecode.swift; path = ProductDetailViewModel.swift; sourceTree = "<group>"; };
		84A32CEF2BB32BA9001D6416 /* ProductDetailFactory.swift */ = {isa = PBXFileReference; lastKnownFileType = sourcecode.swift; path = ProductDetailFactory.swift; sourceTree = "<group>"; };
		84A32CF92BB345C4001D6416 /* ProductRepositoryImplStub.swift */ = {isa = PBXFileReference; lastKnownFileType = sourcecode.swift; path = ProductRepositoryImplStub.swift; sourceTree = "<group>"; };
		84A32CFB2BB34EB3001D6416 /* Equatable.swift */ = {isa = PBXFileReference; lastKnownFileType = sourcecode.swift; path = Equatable.swift; sourceTree = "<group>"; };
		84A32D012BB356D6001D6416 /* GetProductListTests.swift */ = {isa = PBXFileReference; lastKnownFileType = sourcecode.swift; path = GetProductListTests.swift; sourceTree = "<group>"; };
		84A32D032BB35CE5001D6416 /* GetProductDetailTests.swift */ = {isa = PBXFileReference; lastKnownFileType = sourcecode.swift; path = GetProductDetailTests.swift; sourceTree = "<group>"; };
		84A32D072BB36799001D6416 /* ProductRepositoryImplTests.swift */ = {isa = PBXFileReference; lastKnownFileType = sourcecode.swift; path = ProductRepositoryImplTests.swift; sourceTree = "<group>"; };
		84A32D092BB36C7A001D6416 /* ProductRemoteDataSourceImplStub.swift */ = {isa = PBXFileReference; lastKnownFileType = sourcecode.swift; path = ProductRemoteDataSourceImplStub.swift; sourceTree = "<group>"; };
		84B557A12BB25AD5004A63E0 /* ProductDetailPresentable.swift */ = {isa = PBXFileReference; lastKnownFileType = sourcecode.swift; path = ProductDetailPresentable.swift; sourceTree = "<group>"; };
		84B557A32BB25B0C004A63E0 /* ProductListPresentableItem.swift */ = {isa = PBXFileReference; lastKnownFileType = sourcecode.swift; path = ProductListPresentableItem.swift; sourceTree = "<group>"; };
		84B557A52BB26A70004A63E0 /* ProductPresentableErrorMapper.swift */ = {isa = PBXFileReference; lastKnownFileType = sourcecode.swift; path = ProductPresentableErrorMapper.swift; sourceTree = "<group>"; };
		84B557A92BB28350004A63E0 /* CustomProgressView.swift */ = {isa = PBXFileReference; lastKnownFileType = sourcecode.swift; path = CustomProgressView.swift; sourceTree = "<group>"; };
		84BE265E2BB0805C005B4073 /* ProductViewModel.swift */ = {isa = PBXFileReference; lastKnownFileType = sourcecode.swift; path = ProductViewModel.swift; sourceTree = "<group>"; };
		84BE26652BB0BFD2005B4073 /* ProductListFactory.swift */ = {isa = PBXFileReference; lastKnownFileType = sourcecode.swift; path = ProductListFactory.swift; sourceTree = "<group>"; };
		84BE26812BB14DB7005B4073 /* GetProductDetail.swift */ = {isa = PBXFileReference; lastKnownFileType = sourcecode.swift; path = GetProductDetail.swift; sourceTree = "<group>"; };
		84BE26832BB14E05005B4073 /* ProductDetail.swift */ = {isa = PBXFileReference; lastKnownFileType = sourcecode.swift; path = ProductDetail.swift; sourceTree = "<group>"; };
		84BE26852BB155A5005B4073 /* ProductDetailDTO.swift */ = {isa = PBXFileReference; lastKnownFileType = sourcecode.swift; path = ProductDetailDTO.swift; sourceTree = "<group>"; };
		84BEB72B2BADE79800E6D05D /* MELIChallengeApp.app */ = {isa = PBXFileReference; explicitFileType = wrapper.application; includeInIndex = 0; path = MELIChallengeApp.app; sourceTree = BUILT_PRODUCTS_DIR; };
		84BEB72E2BADE79800E6D05D /* MELIChallengeAppApp.swift */ = {isa = PBXFileReference; lastKnownFileType = sourcecode.swift; path = MELIChallengeAppApp.swift; sourceTree = "<group>"; };
		84BEB7322BADE79B00E6D05D /* Assets.xcassets */ = {isa = PBXFileReference; lastKnownFileType = folder.assetcatalog; path = Assets.xcassets; sourceTree = "<group>"; };
		84BEB7352BADE79B00E6D05D /* Preview Assets.xcassets */ = {isa = PBXFileReference; lastKnownFileType = folder.assetcatalog; path = "Preview Assets.xcassets"; sourceTree = "<group>"; };
		84BEB73B2BADE79B00E6D05D /* MELIChallengeAppTests.xctest */ = {isa = PBXFileReference; explicitFileType = wrapper.cfbundle; includeInIndex = 0; path = MELIChallengeAppTests.xctest; sourceTree = BUILT_PRODUCTS_DIR; };
		84BEB73F2BADE79B00E6D05D /* MELIChallengeAppTests.swift */ = {isa = PBXFileReference; lastKnownFileType = sourcecode.swift; path = MELIChallengeAppTests.swift; sourceTree = "<group>"; };
		84BEB7452BADE79C00E6D05D /* MELIChallengeAppUITests.xctest */ = {isa = PBXFileReference; explicitFileType = wrapper.cfbundle; includeInIndex = 0; path = MELIChallengeAppUITests.xctest; sourceTree = BUILT_PRODUCTS_DIR; };
		84BEB7492BADE79C00E6D05D /* MELIChallengeAppUITests.swift */ = {isa = PBXFileReference; lastKnownFileType = sourcecode.swift; path = MELIChallengeAppUITests.swift; sourceTree = "<group>"; };
		84BEB74B2BADE79C00E6D05D /* MELIChallengeAppUITestsLaunchTests.swift */ = {isa = PBXFileReference; lastKnownFileType = sourcecode.swift; path = MELIChallengeAppUITestsLaunchTests.swift; sourceTree = "<group>"; };
		84BEB75D2BAE069900E6D05D /* RowView.swift */ = {isa = PBXFileReference; lastKnownFileType = sourcecode.swift; path = RowView.swift; sourceTree = "<group>"; };
		84BEB7612BAE0D2A00E6D05D /* ProductDetailView.swift */ = {isa = PBXFileReference; lastKnownFileType = sourcecode.swift; path = ProductDetailView.swift; sourceTree = "<group>"; };
		84BEB7662BAE17E700E6D05D /* SearchView.swift */ = {isa = PBXFileReference; lastKnownFileType = sourcecode.swift; path = SearchView.swift; sourceTree = "<group>"; };
		84BEB7702BAE264000E6D05D /* Product.swift */ = {isa = PBXFileReference; lastKnownFileType = sourcecode.swift; path = Product.swift; sourceTree = "<group>"; };
		84BEB7722BAE3D6D00E6D05D /* Carousel.swift */ = {isa = PBXFileReference; lastKnownFileType = sourcecode.swift; path = Carousel.swift; sourceTree = "<group>"; };
		84FA73522BAF6C9D00279CB4 /* GetProductList.swift */ = {isa = PBXFileReference; lastKnownFileType = sourcecode.swift; path = GetProductList.swift; sourceTree = "<group>"; };
		84FA73562BAF9AAA00279CB4 /* ProductDomainError.swift */ = {isa = PBXFileReference; lastKnownFileType = sourcecode.swift; path = ProductDomainError.swift; sourceTree = "<group>"; };
		84FA735C2BAFA6E300279CB4 /* ProductRemoteDataSource.swift */ = {isa = PBXFileReference; lastKnownFileType = sourcecode.swift; path = ProductRemoteDataSource.swift; sourceTree = "<group>"; };
		84FA73642BAFBE6C00279CB4 /* ProductDTO.swift */ = {isa = PBXFileReference; lastKnownFileType = sourcecode.swift; path = ProductDTO.swift; sourceTree = "<group>"; };
		84FA73662BAFC06200279CB4 /* ProductRepository.swift */ = {isa = PBXFileReference; lastKnownFileType = sourcecode.swift; path = ProductRepository.swift; sourceTree = "<group>"; };
		84FA73682BAFC0C900279CB4 /* ProductRepositoryImpl.swift */ = {isa = PBXFileReference; lastKnownFileType = sourcecode.swift; path = ProductRepositoryImpl.swift; sourceTree = "<group>"; };
		84FA736A2BAFE83100279CB4 /* ProductDomainMapper.swift */ = {isa = PBXFileReference; lastKnownFileType = sourcecode.swift; path = ProductDomainMapper.swift; sourceTree = "<group>"; };
		84FA736C2BAFE88900279CB4 /* ProductBuilder.swift */ = {isa = PBXFileReference; lastKnownFileType = sourcecode.swift; path = ProductBuilder.swift; sourceTree = "<group>"; };
		84FA736E2BAFE8DE00279CB4 /* ProductDomainErrorMapper.swift */ = {isa = PBXFileReference; lastKnownFileType = sourcecode.swift; path = ProductDomainErrorMapper.swift; sourceTree = "<group>"; };
		84FA73712BAFEA7400279CB4 /* HTTPClientError.swift */ = {isa = PBXFileReference; lastKnownFileType = sourcecode.swift; path = HTTPClientError.swift; sourceTree = "<group>"; };
		84FA73742BAFEC9400279CB4 /* HTTPClientInfra.swift */ = {isa = PBXFileReference; lastKnownFileType = sourcecode.swift; path = HTTPClientInfra.swift; sourceTree = "<group>"; };
		84FA73762BAFECCA00279CB4 /* Endpoint.swift */ = {isa = PBXFileReference; lastKnownFileType = sourcecode.swift; path = Endpoint.swift; sourceTree = "<group>"; };
		84FA73782BAFECF200279CB4 /* HTTPMethod.swift */ = {isa = PBXFileReference; lastKnownFileType = sourcecode.swift; path = HTTPMethod.swift; sourceTree = "<group>"; };
		84FA737A2BAFEEDE00279CB4 /* MLApi.swift */ = {isa = PBXFileReference; lastKnownFileType = sourcecode.swift; path = MLApi.swift; sourceTree = "<group>"; };
		84FA737C2BAFEF9600279CB4 /* URLSessionHTTPClient.swift */ = {isa = PBXFileReference; lastKnownFileType = sourcecode.swift; path = URLSessionHTTPClient.swift; sourceTree = "<group>"; };
		84FA737E2BAFF03000279CB4 /* URLSessionRequestMaker.swift */ = {isa = PBXFileReference; lastKnownFileType = sourcecode.swift; path = URLSessionRequestMaker.swift; sourceTree = "<group>"; };
		84FA73802BAFF11200279CB4 /* URLSessionErrorResolver.swift */ = {isa = PBXFileReference; lastKnownFileType = sourcecode.swift; path = URLSessionErrorResolver.swift; sourceTree = "<group>"; };
		84FA73872BB013C600279CB4 /* Foundation+Extensions.swift */ = {isa = PBXFileReference; lastKnownFileType = sourcecode.swift; path = "Foundation+Extensions.swift"; sourceTree = "<group>"; };
/* End PBXFileReference section */

/* Begin PBXFrameworksBuildPhase section */
		84BEB7282BADE79800E6D05D /* Frameworks */ = {
			isa = PBXFrameworksBuildPhase;
			buildActionMask = 2147483647;
			files = (
				84BEB7652BAE143000E6D05D /* Kingfisher in Frameworks */,
			);
			runOnlyForDeploymentPostprocessing = 0;
		};
		84BEB7382BADE79B00E6D05D /* Frameworks */ = {
			isa = PBXFrameworksBuildPhase;
			buildActionMask = 2147483647;
			files = (
			);
			runOnlyForDeploymentPostprocessing = 0;
		};
		84BEB7422BADE79C00E6D05D /* Frameworks */ = {
			isa = PBXFrameworksBuildPhase;
			buildActionMask = 2147483647;
			files = (
			);
			runOnlyForDeploymentPostprocessing = 0;
		};
/* End PBXFrameworksBuildPhase section */

/* Begin PBXGroup section */
		84A32CEB2BB327B8001D6416 /* Data */ = {
			isa = PBXGroup;
			children = (
				84A32D062BB36729001D6416 /* DataSources */,
				84A32D052BB3670A001D6416 /* Respositories */,
			);
			path = Data;
			sourceTree = "<group>";
		};
		84A32CEC2BB327C0001D6416 /* Domain */ = {
			isa = PBXGroup;
			children = (
				84A32CF52BB3363D001D6416 /* UseCases */,
			);
			path = Domain;
			sourceTree = "<group>";
		};
		84A32CF52BB3363D001D6416 /* UseCases */ = {
			isa = PBXGroup;
			children = (
				84A32D012BB356D6001D6416 /* GetProductListTests.swift */,
				84A32D032BB35CE5001D6416 /* GetProductDetailTests.swift */,
			);
			path = UseCases;
			sourceTree = "<group>";
		};
		84A32CF62BB33D68001D6416 /* Helpers */ = {
			isa = PBXGroup;
			children = (
				84A32CF92BB345C4001D6416 /* ProductRepositoryImplStub.swift */,
				84A32CFB2BB34EB3001D6416 /* Equatable.swift */,
				84A32D092BB36C7A001D6416 /* ProductRemoteDataSourceImplStub.swift */,
			);
			path = Helpers;
			sourceTree = "<group>";
		};
		84A32D052BB3670A001D6416 /* Respositories */ = {
			isa = PBXGroup;
			children = (
				84A32D072BB36799001D6416 /* ProductRepositoryImplTests.swift */,
			);
			path = Respositories;
			sourceTree = "<group>";
		};
		84A32D062BB36729001D6416 /* DataSources */ = {
			isa = PBXGroup;
			children = (
			);
			path = DataSources;
			sourceTree = "<group>";
		};
		84B5579D2BB259D7004A63E0 /* Builder */ = {
			isa = PBXGroup;
			children = (
				84FA736C2BAFE88900279CB4 /* ProductBuilder.swift */,
			);
			path = Builder;
			sourceTree = "<group>";
		};
		84B5579E2BB25A27004A63E0 /* Helpers */ = {
			isa = PBXGroup;
			children = (
				84FA736A2BAFE83100279CB4 /* ProductDomainMapper.swift */,
			);
			path = Helpers;
			sourceTree = "<group>";
		};
		84B5579F2BB25A4E004A63E0 /* Error */ = {
			isa = PBXGroup;
			children = (
				84FA736E2BAFE8DE00279CB4 /* ProductDomainErrorMapper.swift */,
			);
			path = Error;
			sourceTree = "<group>";
		};
		84B557A02BB25AB5004A63E0 /* Helpers */ = {
			isa = PBXGroup;
			children = (
				84B557A12BB25AD5004A63E0 /* ProductDetailPresentable.swift */,
				84B557A32BB25B0C004A63E0 /* ProductListPresentableItem.swift */,
				84B557A52BB26A70004A63E0 /* ProductPresentableErrorMapper.swift */,
			);
			path = Helpers;
			sourceTree = "<group>";
		};
		84BE265C2BB0755F005B4073 /* Networking */ = {
			isa = PBXGroup;
			children = (
				84FA73712BAFEA7400279CB4 /* HTTPClientError.swift */,
				84FA73742BAFEC9400279CB4 /* HTTPClientInfra.swift */,
			);
			path = Networking;
			sourceTree = "<group>";
		};
		84BE265D2BB07FC1005B4073 /* ViewModel */ = {
			isa = PBXGroup;
			children = (
				84B557A02BB25AB5004A63E0 /* Helpers */,
				84BE265E2BB0805C005B4073 /* ProductViewModel.swift */,
				84A32CED2BB32A0A001D6416 /* ProductDetailViewModel.swift */,
			);
			path = ViewModel;
			sourceTree = "<group>";
		};
		84BE26642BB0A91D005B4073 /* Composition Root */ = {
			isa = PBXGroup;
			children = (
				84BE26652BB0BFD2005B4073 /* ProductListFactory.swift */,
				84A32CEF2BB32BA9001D6416 /* ProductDetailFactory.swift */,
			);
			path = "Composition Root";
			sourceTree = "<group>";
		};
		84BEB7222BADE79800E6D05D = {
			isa = PBXGroup;
			children = (
				84BEB72D2BADE79800E6D05D /* MELIChallengeApp */,
				84BEB73E2BADE79B00E6D05D /* MELIChallengeAppTests */,
				84BEB7482BADE79C00E6D05D /* MELIChallengeAppUITests */,
				84BEB72C2BADE79800E6D05D /* Products */,
			);
			sourceTree = "<group>";
		};
		84BEB72C2BADE79800E6D05D /* Products */ = {
			isa = PBXGroup;
			children = (
				84BEB72B2BADE79800E6D05D /* MELIChallengeApp.app */,
				84BEB73B2BADE79B00E6D05D /* MELIChallengeAppTests.xctest */,
				84BEB7452BADE79C00E6D05D /* MELIChallengeAppUITests.xctest */,
			);
			name = Products;
			sourceTree = "<group>";
		};
		84BEB72D2BADE79800E6D05D /* MELIChallengeApp */ = {
			isa = PBXGroup;
			children = (
				84A32CE82BB3074C001D6416 /* Info.plist */,
				84BE26642BB0A91D005B4073 /* Composition Root */,
				84FA73862BB013B700279CB4 /* Utils */,
				84FA73732BAFEC5F00279CB4 /* Infrastructure */,
				84BEB7692BAE1F8400E6D05D /* Domain */,
				84BEB75B2BAE066A00E6D05D /* Presentation */,
				84BEB7582BAE03F700E6D05D /* Data */,
				84BEB72E2BADE79800E6D05D /* MELIChallengeAppApp.swift */,
				84BEB7322BADE79B00E6D05D /* Assets.xcassets */,
				84BEB7342BADE79B00E6D05D /* Preview Content */,
				84A32CE92BB30B8C001D6416 /* Launch Screen.storyboard */,
			);
			path = MELIChallengeApp;
			sourceTree = "<group>";
		};
		84BEB7342BADE79B00E6D05D /* Preview Content */ = {
			isa = PBXGroup;
			children = (
				84BEB7352BADE79B00E6D05D /* Preview Assets.xcassets */,
			);
			path = "Preview Content";
			sourceTree = "<group>";
		};
		84BEB73E2BADE79B00E6D05D /* MELIChallengeAppTests */ = {
			isa = PBXGroup;
			children = (
				84A32CF62BB33D68001D6416 /* Helpers */,
				84A32CEC2BB327C0001D6416 /* Domain */,
				84A32CEB2BB327B8001D6416 /* Data */,
				84BEB73F2BADE79B00E6D05D /* MELIChallengeAppTests.swift */,
			);
			path = MELIChallengeAppTests;
			sourceTree = "<group>";
		};
		84BEB7482BADE79C00E6D05D /* MELIChallengeAppUITests */ = {
			isa = PBXGroup;
			children = (
				84BEB7492BADE79C00E6D05D /* MELIChallengeAppUITests.swift */,
				84BEB74B2BADE79C00E6D05D /* MELIChallengeAppUITestsLaunchTests.swift */,
			);
			path = MELIChallengeAppUITests;
			sourceTree = "<group>";
		};
		84BEB7582BAE03F700E6D05D /* Data */ = {
			isa = PBXGroup;
			children = (
				84B5579D2BB259D7004A63E0 /* Builder */,
				84BEB76C2BAE204B00E6D05D /* Repositories */,
				84BEB76B2BAE204400E6D05D /* DTOs */,
				84BEB76A2BAE203800E6D05D /* DataSources */,
			);
			path = Data;
			sourceTree = "<group>";
		};
		84BEB75B2BAE066A00E6D05D /* Presentation */ = {
			isa = PBXGroup;
			children = (
				84BE265D2BB07FC1005B4073 /* ViewModel */,
				84BEB75C2BAE067D00E6D05D /* Views */,
			);
			path = Presentation;
			sourceTree = "<group>";
		};
		84BEB75C2BAE067D00E6D05D /* Views */ = {
			isa = PBXGroup;
			children = (
				84BEB75D2BAE069900E6D05D /* RowView.swift */,
				84BEB7612BAE0D2A00E6D05D /* ProductDetailView.swift */,
				84BEB7662BAE17E700E6D05D /* SearchView.swift */,
				84BEB7722BAE3D6D00E6D05D /* Carousel.swift */,
				84B557A92BB28350004A63E0 /* CustomProgressView.swift */,
			);
			path = Views;
			sourceTree = "<group>";
		};
		84BEB7692BAE1F8400E6D05D /* Domain */ = {
			isa = PBXGroup;
			children = (
				84BEB76F2BAE207500E6D05D /* UseCases */,
				84BEB76E2BAE206900E6D05D /* Repositories */,
				84BEB76D2BAE205D00E6D05D /* Entities */,
				84FA73562BAF9AAA00279CB4 /* ProductDomainError.swift */,
			);
			path = Domain;
			sourceTree = "<group>";
		};
		84BEB76A2BAE203800E6D05D /* DataSources */ = {
			isa = PBXGroup;
			children = (
				84B5579F2BB25A4E004A63E0 /* Error */,
				84B5579E2BB25A27004A63E0 /* Helpers */,
				84BE265C2BB0755F005B4073 /* Networking */,
				84FA735C2BAFA6E300279CB4 /* ProductRemoteDataSource.swift */,
			);
			path = DataSources;
			sourceTree = "<group>";
		};
		84BEB76B2BAE204400E6D05D /* DTOs */ = {
			isa = PBXGroup;
			children = (
				84FA73642BAFBE6C00279CB4 /* ProductDTO.swift */,
				84BE26852BB155A5005B4073 /* ProductDetailDTO.swift */,
			);
			path = DTOs;
			sourceTree = "<group>";
		};
		84BEB76C2BAE204B00E6D05D /* Repositories */ = {
			isa = PBXGroup;
			children = (
				84FA73682BAFC0C900279CB4 /* ProductRepositoryImpl.swift */,
			);
			path = Repositories;
			sourceTree = "<group>";
		};
		84BEB76D2BAE205D00E6D05D /* Entities */ = {
			isa = PBXGroup;
			children = (
				84BEB7702BAE264000E6D05D /* Product.swift */,
				84BE26832BB14E05005B4073 /* ProductDetail.swift */,
			);
			path = Entities;
			sourceTree = "<group>";
		};
		84BEB76E2BAE206900E6D05D /* Repositories */ = {
			isa = PBXGroup;
			children = (
				84FA73662BAFC06200279CB4 /* ProductRepository.swift */,
			);
			path = Repositories;
			sourceTree = "<group>";
		};
		84BEB76F2BAE207500E6D05D /* UseCases */ = {
			isa = PBXGroup;
			children = (
				84FA73522BAF6C9D00279CB4 /* GetProductList.swift */,
				84BE26812BB14DB7005B4073 /* GetProductDetail.swift */,
			);
			path = UseCases;
			sourceTree = "<group>";
		};
		84FA73702BAFEA5A00279CB4 /* Networking */ = {
			isa = PBXGroup;
			children = (
				84FA73762BAFECCA00279CB4 /* Endpoint.swift */,
				84FA73782BAFECF200279CB4 /* HTTPMethod.swift */,
				84FA737E2BAFF03000279CB4 /* URLSessionRequestMaker.swift */,
				84FA73802BAFF11200279CB4 /* URLSessionErrorResolver.swift */,
			);
			path = Networking;
			sourceTree = "<group>";
		};
		84FA73732BAFEC5F00279CB4 /* Infrastructure */ = {
			isa = PBXGroup;
			children = (
				84FA73702BAFEA5A00279CB4 /* Networking */,
				84FA737A2BAFEEDE00279CB4 /* MLApi.swift */,
				84FA737C2BAFEF9600279CB4 /* URLSessionHTTPClient.swift */,
			);
			path = Infrastructure;
			sourceTree = "<group>";
		};
		84FA73862BB013B700279CB4 /* Utils */ = {
			isa = PBXGroup;
			children = (
				84FA73872BB013C600279CB4 /* Foundation+Extensions.swift */,
			);
			path = Utils;
			sourceTree = "<group>";
		};
/* End PBXGroup section */

/* Begin PBXNativeTarget section */
		84BEB72A2BADE79800E6D05D /* MELIChallengeApp */ = {
			isa = PBXNativeTarget;
			buildConfigurationList = 84BEB74F2BADE79C00E6D05D /* Build configuration list for PBXNativeTarget "MELIChallengeApp" */;
			buildPhases = (
				84BEB7272BADE79800E6D05D /* Sources */,
				84BEB7282BADE79800E6D05D /* Frameworks */,
				84BEB7292BADE79800E6D05D /* Resources */,
			);
			buildRules = (
			);
			dependencies = (
			);
			name = MELIChallengeApp;
			packageProductDependencies = (
				84BEB7642BAE143000E6D05D /* Kingfisher */,
			);
			productName = MELIChallengeApp;
			productReference = 84BEB72B2BADE79800E6D05D /* MELIChallengeApp.app */;
			productType = "com.apple.product-type.application";
		};
		84BEB73A2BADE79B00E6D05D /* MELIChallengeAppTests */ = {
			isa = PBXNativeTarget;
			buildConfigurationList = 84BEB7522BADE79C00E6D05D /* Build configuration list for PBXNativeTarget "MELIChallengeAppTests" */;
			buildPhases = (
				84BEB7372BADE79B00E6D05D /* Sources */,
				84BEB7382BADE79B00E6D05D /* Frameworks */,
				84BEB7392BADE79B00E6D05D /* Resources */,
			);
			buildRules = (
			);
			dependencies = (
				84BEB73D2BADE79B00E6D05D /* PBXTargetDependency */,
			);
			name = MELIChallengeAppTests;
			productName = MELIChallengeAppTests;
			productReference = 84BEB73B2BADE79B00E6D05D /* MELIChallengeAppTests.xctest */;
			productType = "com.apple.product-type.bundle.unit-test";
		};
		84BEB7442BADE79C00E6D05D /* MELIChallengeAppUITests */ = {
			isa = PBXNativeTarget;
			buildConfigurationList = 84BEB7552BADE79C00E6D05D /* Build configuration list for PBXNativeTarget "MELIChallengeAppUITests" */;
			buildPhases = (
				84BEB7412BADE79C00E6D05D /* Sources */,
				84BEB7422BADE79C00E6D05D /* Frameworks */,
				84BEB7432BADE79C00E6D05D /* Resources */,
			);
			buildRules = (
			);
			dependencies = (
				84BEB7472BADE79C00E6D05D /* PBXTargetDependency */,
			);
			name = MELIChallengeAppUITests;
			productName = MELIChallengeAppUITests;
			productReference = 84BEB7452BADE79C00E6D05D /* MELIChallengeAppUITests.xctest */;
			productType = "com.apple.product-type.bundle.ui-testing";
		};
/* End PBXNativeTarget section */

/* Begin PBXProject section */
		84BEB7232BADE79800E6D05D /* Project object */ = {
			isa = PBXProject;
			attributes = {
				BuildIndependentTargetsInParallel = 1;
				LastSwiftUpdateCheck = 1530;
				LastUpgradeCheck = 1530;
				TargetAttributes = {
					84BEB72A2BADE79800E6D05D = {
						CreatedOnToolsVersion = 15.3;
					};
					84BEB73A2BADE79B00E6D05D = {
						CreatedOnToolsVersion = 15.3;
						TestTargetID = 84BEB72A2BADE79800E6D05D;
					};
					84BEB7442BADE79C00E6D05D = {
						CreatedOnToolsVersion = 15.3;
						TestTargetID = 84BEB72A2BADE79800E6D05D;
					};
				};
			};
			buildConfigurationList = 84BEB7262BADE79800E6D05D /* Build configuration list for PBXProject "MELIChallengeApp" */;
			compatibilityVersion = "Xcode 14.0";
			developmentRegion = en;
			hasScannedForEncodings = 0;
			knownRegions = (
				en,
				Base,
			);
			mainGroup = 84BEB7222BADE79800E6D05D;
			packageReferences = (
				84BEB7632BAE127700E6D05D /* XCRemoteSwiftPackageReference "Kingfisher" */,
			);
			productRefGroup = 84BEB72C2BADE79800E6D05D /* Products */;
			projectDirPath = "";
			projectRoot = "";
			targets = (
				84BEB72A2BADE79800E6D05D /* MELIChallengeApp */,
				84BEB73A2BADE79B00E6D05D /* MELIChallengeAppTests */,
				84BEB7442BADE79C00E6D05D /* MELIChallengeAppUITests */,
			);
		};
/* End PBXProject section */

/* Begin PBXResourcesBuildPhase section */
		84BEB7292BADE79800E6D05D /* Resources */ = {
			isa = PBXResourcesBuildPhase;
			buildActionMask = 2147483647;
			files = (
				84A32CEA2BB30B8C001D6416 /* Launch Screen.storyboard in Resources */,
				84BEB7362BADE79B00E6D05D /* Preview Assets.xcassets in Resources */,
				84BEB7332BADE79B00E6D05D /* Assets.xcassets in Resources */,
			);
			runOnlyForDeploymentPostprocessing = 0;
		};
		84BEB7392BADE79B00E6D05D /* Resources */ = {
			isa = PBXResourcesBuildPhase;
			buildActionMask = 2147483647;
			files = (
			);
			runOnlyForDeploymentPostprocessing = 0;
		};
		84BEB7432BADE79C00E6D05D /* Resources */ = {
			isa = PBXResourcesBuildPhase;
			buildActionMask = 2147483647;
			files = (
			);
			runOnlyForDeploymentPostprocessing = 0;
		};
/* End PBXResourcesBuildPhase section */

/* Begin PBXSourcesBuildPhase section */
		84BEB7272BADE79800E6D05D /* Sources */ = {
			isa = PBXSourcesBuildPhase;
			buildActionMask = 2147483647;
			files = (
				84A32CF02BB32BA9001D6416 /* ProductDetailFactory.swift in Sources */,
				84FA73532BAF6C9D00279CB4 /* GetProductList.swift in Sources */,
				84FA737F2BAFF03000279CB4 /* URLSessionRequestMaker.swift in Sources */,
				84BE26842BB14E05005B4073 /* ProductDetail.swift in Sources */,
				84BE26662BB0BFD2005B4073 /* ProductListFactory.swift in Sources */,
				84FA73812BAFF11200279CB4 /* URLSessionErrorResolver.swift in Sources */,
				84A32CEE2BB32A0A001D6416 /* ProductDetailViewModel.swift in Sources */,
				84FA736B2BAFE83100279CB4 /* ProductDomainMapper.swift in Sources */,
				84BEB72F2BADE79800E6D05D /* MELIChallengeAppApp.swift in Sources */,
				84BEB75E2BAE069900E6D05D /* RowView.swift in Sources */,
				84FA73772BAFECCA00279CB4 /* Endpoint.swift in Sources */,
				84FA73752BAFEC9400279CB4 /* HTTPClientInfra.swift in Sources */,
				84BE26862BB155A5005B4073 /* ProductDetailDTO.swift in Sources */,
				84B557A42BB25B0C004A63E0 /* ProductListPresentableItem.swift in Sources */,
				84BEB7672BAE17E700E6D05D /* SearchView.swift in Sources */,
				84BEB7622BAE0D2A00E6D05D /* ProductDetailView.swift in Sources */,
				84B557AA2BB28350004A63E0 /* CustomProgressView.swift in Sources */,
				84FA737D2BAFEF9600279CB4 /* URLSessionHTTPClient.swift in Sources */,
				84BE265F2BB0805C005B4073 /* ProductViewModel.swift in Sources */,
				84FA736F2BAFE8DE00279CB4 /* ProductDomainErrorMapper.swift in Sources */,
				84B557A22BB25AD5004A63E0 /* ProductDetailPresentable.swift in Sources */,
				84FA73652BAFBE6C00279CB4 /* ProductDTO.swift in Sources */,
				84FA736D2BAFE88900279CB4 /* ProductBuilder.swift in Sources */,
				84FA73792BAFECF200279CB4 /* HTTPMethod.swift in Sources */,
				84BEB7712BAE264000E6D05D /* Product.swift in Sources */,
				84BE26822BB14DB7005B4073 /* GetProductDetail.swift in Sources */,
				84FA73692BAFC0C900279CB4 /* ProductRepositoryImpl.swift in Sources */,
				84FA73672BAFC06200279CB4 /* ProductRepository.swift in Sources */,
				84FA737B2BAFEEDE00279CB4 /* MLApi.swift in Sources */,
				84FA73572BAF9AAA00279CB4 /* ProductDomainError.swift in Sources */,
				84B557A62BB26A70004A63E0 /* ProductPresentableErrorMapper.swift in Sources */,
				84FA735D2BAFA6E300279CB4 /* ProductRemoteDataSource.swift in Sources */,
				84FA73722BAFEA7400279CB4 /* HTTPClientError.swift in Sources */,
				84BEB7732BAE3D6D00E6D05D /* Carousel.swift in Sources */,
				84FA73882BB013C600279CB4 /* Foundation+Extensions.swift in Sources */,
			);
			runOnlyForDeploymentPostprocessing = 0;
		};
		84BEB7372BADE79B00E6D05D /* Sources */ = {
			isa = PBXSourcesBuildPhase;
			buildActionMask = 2147483647;
			files = (
				84A32D022BB356D6001D6416 /* GetProductListTests.swift in Sources */,
				84BEB7402BADE79B00E6D05D /* MELIChallengeAppTests.swift in Sources */,
				84A32CFC2BB34EB3001D6416 /* Equatable.swift in Sources */,
				84A32D042BB35CE5001D6416 /* GetProductDetailTests.swift in Sources */,
				84A32D082BB36799001D6416 /* ProductRepositoryImplTests.swift in Sources */,
				84A32CFA2BB345C4001D6416 /* ProductRepositoryImplStub.swift in Sources */,
				84A32D0A2BB36C7A001D6416 /* ProductRemoteDataSourceImplStub.swift in Sources */,
			);
			runOnlyForDeploymentPostprocessing = 0;
		};
		84BEB7412BADE79C00E6D05D /* Sources */ = {
			isa = PBXSourcesBuildPhase;
			buildActionMask = 2147483647;
			files = (
				84BEB74A2BADE79C00E6D05D /* MELIChallengeAppUITests.swift in Sources */,
				84BEB74C2BADE79C00E6D05D /* MELIChallengeAppUITestsLaunchTests.swift in Sources */,
			);
			runOnlyForDeploymentPostprocessing = 0;
		};
/* End PBXSourcesBuildPhase section */

/* Begin PBXTargetDependency section */
		84BEB73D2BADE79B00E6D05D /* PBXTargetDependency */ = {
			isa = PBXTargetDependency;
			target = 84BEB72A2BADE79800E6D05D /* MELIChallengeApp */;
			targetProxy = 84BEB73C2BADE79B00E6D05D /* PBXContainerItemProxy */;
		};
		84BEB7472BADE79C00E6D05D /* PBXTargetDependency */ = {
			isa = PBXTargetDependency;
			target = 84BEB72A2BADE79800E6D05D /* MELIChallengeApp */;
			targetProxy = 84BEB7462BADE79C00E6D05D /* PBXContainerItemProxy */;
		};
/* End PBXTargetDependency section */

/* Begin XCBuildConfiguration section */
		84BEB74D2BADE79C00E6D05D /* Debug */ = {
			isa = XCBuildConfiguration;
			buildSettings = {
				ALWAYS_SEARCH_USER_PATHS = NO;
				ASSETCATALOG_COMPILER_GENERATE_SWIFT_ASSET_SYMBOL_EXTENSIONS = YES;
				CLANG_ANALYZER_NONNULL = YES;
				CLANG_ANALYZER_NUMBER_OBJECT_CONVERSION = YES_AGGRESSIVE;
				CLANG_CXX_LANGUAGE_STANDARD = "gnu++20";
				CLANG_ENABLE_MODULES = YES;
				CLANG_ENABLE_OBJC_ARC = YES;
				CLANG_ENABLE_OBJC_WEAK = YES;
				CLANG_WARN_BLOCK_CAPTURE_AUTORELEASING = YES;
				CLANG_WARN_BOOL_CONVERSION = YES;
				CLANG_WARN_COMMA = YES;
				CLANG_WARN_CONSTANT_CONVERSION = YES;
				CLANG_WARN_DEPRECATED_OBJC_IMPLEMENTATIONS = YES;
				CLANG_WARN_DIRECT_OBJC_ISA_USAGE = YES_ERROR;
				CLANG_WARN_DOCUMENTATION_COMMENTS = YES;
				CLANG_WARN_EMPTY_BODY = YES;
				CLANG_WARN_ENUM_CONVERSION = YES;
				CLANG_WARN_INFINITE_RECURSION = YES;
				CLANG_WARN_INT_CONVERSION = YES;
				CLANG_WARN_NON_LITERAL_NULL_CONVERSION = YES;
				CLANG_WARN_OBJC_IMPLICIT_RETAIN_SELF = YES;
				CLANG_WARN_OBJC_LITERAL_CONVERSION = YES;
				CLANG_WARN_OBJC_ROOT_CLASS = YES_ERROR;
				CLANG_WARN_QUOTED_INCLUDE_IN_FRAMEWORK_HEADER = YES;
				CLANG_WARN_RANGE_LOOP_ANALYSIS = YES;
				CLANG_WARN_STRICT_PROTOTYPES = YES;
				CLANG_WARN_SUSPICIOUS_MOVE = YES;
				CLANG_WARN_UNGUARDED_AVAILABILITY = YES_AGGRESSIVE;
				CLANG_WARN_UNREACHABLE_CODE = YES;
				CLANG_WARN__DUPLICATE_METHOD_MATCH = YES;
				COPY_PHASE_STRIP = NO;
				DEBUG_INFORMATION_FORMAT = dwarf;
				ENABLE_STRICT_OBJC_MSGSEND = YES;
				ENABLE_TESTABILITY = YES;
				ENABLE_USER_SCRIPT_SANDBOXING = YES;
				GCC_C_LANGUAGE_STANDARD = gnu17;
				GCC_DYNAMIC_NO_PIC = NO;
				GCC_NO_COMMON_BLOCKS = YES;
				GCC_OPTIMIZATION_LEVEL = 0;
				GCC_PREPROCESSOR_DEFINITIONS = (
					"DEBUG=1",
					"$(inherited)",
				);
				GCC_WARN_64_TO_32_BIT_CONVERSION = YES;
				GCC_WARN_ABOUT_RETURN_TYPE = YES_ERROR;
				GCC_WARN_UNDECLARED_SELECTOR = YES;
				GCC_WARN_UNINITIALIZED_AUTOS = YES_AGGRESSIVE;
				GCC_WARN_UNUSED_FUNCTION = YES;
				GCC_WARN_UNUSED_VARIABLE = YES;
				IPHONEOS_DEPLOYMENT_TARGET = 17.4;
				LOCALIZATION_PREFERS_STRING_CATALOGS = YES;
				MTL_ENABLE_DEBUG_INFO = INCLUDE_SOURCE;
				MTL_FAST_MATH = YES;
				ONLY_ACTIVE_ARCH = YES;
				SDKROOT = iphoneos;
				SWIFT_ACTIVE_COMPILATION_CONDITIONS = "DEBUG $(inherited)";
				SWIFT_OPTIMIZATION_LEVEL = "-Onone";
			};
			name = Debug;
		};
		84BEB74E2BADE79C00E6D05D /* Release */ = {
			isa = XCBuildConfiguration;
			buildSettings = {
				ALWAYS_SEARCH_USER_PATHS = NO;
				ASSETCATALOG_COMPILER_GENERATE_SWIFT_ASSET_SYMBOL_EXTENSIONS = YES;
				CLANG_ANALYZER_NONNULL = YES;
				CLANG_ANALYZER_NUMBER_OBJECT_CONVERSION = YES_AGGRESSIVE;
				CLANG_CXX_LANGUAGE_STANDARD = "gnu++20";
				CLANG_ENABLE_MODULES = YES;
				CLANG_ENABLE_OBJC_ARC = YES;
				CLANG_ENABLE_OBJC_WEAK = YES;
				CLANG_WARN_BLOCK_CAPTURE_AUTORELEASING = YES;
				CLANG_WARN_BOOL_CONVERSION = YES;
				CLANG_WARN_COMMA = YES;
				CLANG_WARN_CONSTANT_CONVERSION = YES;
				CLANG_WARN_DEPRECATED_OBJC_IMPLEMENTATIONS = YES;
				CLANG_WARN_DIRECT_OBJC_ISA_USAGE = YES_ERROR;
				CLANG_WARN_DOCUMENTATION_COMMENTS = YES;
				CLANG_WARN_EMPTY_BODY = YES;
				CLANG_WARN_ENUM_CONVERSION = YES;
				CLANG_WARN_INFINITE_RECURSION = YES;
				CLANG_WARN_INT_CONVERSION = YES;
				CLANG_WARN_NON_LITERAL_NULL_CONVERSION = YES;
				CLANG_WARN_OBJC_IMPLICIT_RETAIN_SELF = YES;
				CLANG_WARN_OBJC_LITERAL_CONVERSION = YES;
				CLANG_WARN_OBJC_ROOT_CLASS = YES_ERROR;
				CLANG_WARN_QUOTED_INCLUDE_IN_FRAMEWORK_HEADER = YES;
				CLANG_WARN_RANGE_LOOP_ANALYSIS = YES;
				CLANG_WARN_STRICT_PROTOTYPES = YES;
				CLANG_WARN_SUSPICIOUS_MOVE = YES;
				CLANG_WARN_UNGUARDED_AVAILABILITY = YES_AGGRESSIVE;
				CLANG_WARN_UNREACHABLE_CODE = YES;
				CLANG_WARN__DUPLICATE_METHOD_MATCH = YES;
				COPY_PHASE_STRIP = NO;
				DEBUG_INFORMATION_FORMAT = "dwarf-with-dsym";
				ENABLE_NS_ASSERTIONS = NO;
				ENABLE_STRICT_OBJC_MSGSEND = YES;
				ENABLE_USER_SCRIPT_SANDBOXING = YES;
				GCC_C_LANGUAGE_STANDARD = gnu17;
				GCC_NO_COMMON_BLOCKS = YES;
				GCC_WARN_64_TO_32_BIT_CONVERSION = YES;
				GCC_WARN_ABOUT_RETURN_TYPE = YES_ERROR;
				GCC_WARN_UNDECLARED_SELECTOR = YES;
				GCC_WARN_UNINITIALIZED_AUTOS = YES_AGGRESSIVE;
				GCC_WARN_UNUSED_FUNCTION = YES;
				GCC_WARN_UNUSED_VARIABLE = YES;
				IPHONEOS_DEPLOYMENT_TARGET = 17.4;
				LOCALIZATION_PREFERS_STRING_CATALOGS = YES;
				MTL_ENABLE_DEBUG_INFO = NO;
				MTL_FAST_MATH = YES;
				SDKROOT = iphoneos;
				SWIFT_COMPILATION_MODE = wholemodule;
				VALIDATE_PRODUCT = YES;
			};
			name = Release;
		};
		84BEB7502BADE79C00E6D05D /* Debug */ = {
			isa = XCBuildConfiguration;
			buildSettings = {
				ASSETCATALOG_COMPILER_APPICON_NAME = AppIcon;
				ASSETCATALOG_COMPILER_GLOBAL_ACCENT_COLOR_NAME = AccentColor;
				CODE_SIGN_STYLE = Automatic;
				CURRENT_PROJECT_VERSION = 1;
				DEVELOPMENT_ASSET_PATHS = "\"MELIChallengeApp/Preview Content\"";
				DEVELOPMENT_TEAM = 85G7CTGPPS;
				ENABLE_PREVIEWS = YES;
				GENERATE_INFOPLIST_FILE = YES;
				INFOPLIST_FILE = MELIChallengeApp/Info.plist;
				INFOPLIST_KEY_UIApplicationSceneManifest_Generation = YES;
				INFOPLIST_KEY_UIApplicationSupportsIndirectInputEvents = YES;
				INFOPLIST_KEY_UILaunchScreen_Generation = YES;
				INFOPLIST_KEY_UILaunchStoryboardName = "Launch Screen.storyboard";
				INFOPLIST_KEY_UISupportedInterfaceOrientations_iPad = "UIInterfaceOrientationPortrait UIInterfaceOrientationPortraitUpsideDown UIInterfaceOrientationLandscapeLeft UIInterfaceOrientationLandscapeRight";
				INFOPLIST_KEY_UISupportedInterfaceOrientations_iPhone = "UIInterfaceOrientationPortrait UIInterfaceOrientationLandscapeLeft UIInterfaceOrientationLandscapeRight";
				LD_RUNPATH_SEARCH_PATHS = (
					"$(inherited)",
					"@executable_path/Frameworks",
				);
				MARKETING_VERSION = 1.0;
				PRODUCT_BUNDLE_IDENTIFIER = me.teodoro.calle.MELIChallengeApp;
				PRODUCT_NAME = "$(TARGET_NAME)";
				SWIFT_EMIT_LOC_STRINGS = YES;
				SWIFT_VERSION = 5.0;
				TARGETED_DEVICE_FAMILY = "1,2";
			};
			name = Debug;
		};
		84BEB7512BADE79C00E6D05D /* Release */ = {
			isa = XCBuildConfiguration;
			buildSettings = {
				ASSETCATALOG_COMPILER_APPICON_NAME = AppIcon;
				ASSETCATALOG_COMPILER_GLOBAL_ACCENT_COLOR_NAME = AccentColor;
				CODE_SIGN_STYLE = Automatic;
				CURRENT_PROJECT_VERSION = 1;
				DEVELOPMENT_ASSET_PATHS = "\"MELIChallengeApp/Preview Content\"";
				DEVELOPMENT_TEAM = 85G7CTGPPS;
				ENABLE_PREVIEWS = YES;
				GENERATE_INFOPLIST_FILE = YES;
				INFOPLIST_FILE = MELIChallengeApp/Info.plist;
				INFOPLIST_KEY_UIApplicationSceneManifest_Generation = YES;
				INFOPLIST_KEY_UIApplicationSupportsIndirectInputEvents = YES;
				INFOPLIST_KEY_UILaunchScreen_Generation = YES;
				INFOPLIST_KEY_UILaunchStoryboardName = "Launch Screen.storyboard";
				INFOPLIST_KEY_UISupportedInterfaceOrientations_iPad = "UIInterfaceOrientationPortrait UIInterfaceOrientationPortraitUpsideDown UIInterfaceOrientationLandscapeLeft UIInterfaceOrientationLandscapeRight";
				INFOPLIST_KEY_UISupportedInterfaceOrientations_iPhone = "UIInterfaceOrientationPortrait UIInterfaceOrientationLandscapeLeft UIInterfaceOrientationLandscapeRight";
				LD_RUNPATH_SEARCH_PATHS = (
					"$(inherited)",
					"@executable_path/Frameworks",
				);
				MARKETING_VERSION = 1.0;
				PRODUCT_BUNDLE_IDENTIFIER = me.teodoro.calle.MELIChallengeApp;
				PRODUCT_NAME = "$(TARGET_NAME)";
				SWIFT_EMIT_LOC_STRINGS = YES;
				SWIFT_VERSION = 5.0;
				TARGETED_DEVICE_FAMILY = "1,2";
			};
			name = Release;
		};
		84BEB7532BADE79C00E6D05D /* Debug */ = {
			isa = XCBuildConfiguration;
			buildSettings = {
				ALWAYS_EMBED_SWIFT_STANDARD_LIBRARIES = YES;
				BUNDLE_LOADER = "$(TEST_HOST)";
				CODE_SIGN_STYLE = Automatic;
				CURRENT_PROJECT_VERSION = 1;
				DEVELOPMENT_TEAM = 85G7CTGPPS;
				GENERATE_INFOPLIST_FILE = YES;
				IPHONEOS_DEPLOYMENT_TARGET = 17.4;
				MARKETING_VERSION = 1.0;
				PRODUCT_BUNDLE_IDENTIFIER = me.teodoro.calle.MELIChallengeAppTests;
				PRODUCT_NAME = "$(TARGET_NAME)";
				SWIFT_EMIT_LOC_STRINGS = NO;
				SWIFT_VERSION = 5.0;
				TARGETED_DEVICE_FAMILY = "1,2";
				TEST_HOST = "$(BUILT_PRODUCTS_DIR)/MELIChallengeApp.app/$(BUNDLE_EXECUTABLE_FOLDER_PATH)/MELIChallengeApp";
			};
			name = Debug;
		};
		84BEB7542BADE79C00E6D05D /* Release */ = {
			isa = XCBuildConfiguration;
			buildSettings = {
				ALWAYS_EMBED_SWIFT_STANDARD_LIBRARIES = YES;
				BUNDLE_LOADER = "$(TEST_HOST)";
				CODE_SIGN_STYLE = Automatic;
				CURRENT_PROJECT_VERSION = 1;
				DEVELOPMENT_TEAM = 85G7CTGPPS;
				GENERATE_INFOPLIST_FILE = YES;
				IPHONEOS_DEPLOYMENT_TARGET = 17.4;
				MARKETING_VERSION = 1.0;
				PRODUCT_BUNDLE_IDENTIFIER = me.teodoro.calle.MELIChallengeAppTests;
				PRODUCT_NAME = "$(TARGET_NAME)";
				SWIFT_EMIT_LOC_STRINGS = NO;
				SWIFT_VERSION = 5.0;
				TARGETED_DEVICE_FAMILY = "1,2";
				TEST_HOST = "$(BUILT_PRODUCTS_DIR)/MELIChallengeApp.app/$(BUNDLE_EXECUTABLE_FOLDER_PATH)/MELIChallengeApp";
			};
			name = Release;
		};
		84BEB7562BADE79C00E6D05D /* Debug */ = {
			isa = XCBuildConfiguration;
			buildSettings = {
				ALWAYS_EMBED_SWIFT_STANDARD_LIBRARIES = YES;
				CODE_SIGN_STYLE = Automatic;
				CURRENT_PROJECT_VERSION = 1;
				DEVELOPMENT_TEAM = 85G7CTGPPS;
				GENERATE_INFOPLIST_FILE = YES;
				MARKETING_VERSION = 1.0;
				PRODUCT_BUNDLE_IDENTIFIER = me.teodoro.calle.MELIChallengeAppUITests;
				PRODUCT_NAME = "$(TARGET_NAME)";
				SWIFT_EMIT_LOC_STRINGS = NO;
				SWIFT_VERSION = 5.0;
				TARGETED_DEVICE_FAMILY = "1,2";
				TEST_TARGET_NAME = MELIChallengeApp;
			};
			name = Debug;
		};
		84BEB7572BADE79C00E6D05D /* Release */ = {
			isa = XCBuildConfiguration;
			buildSettings = {
				ALWAYS_EMBED_SWIFT_STANDARD_LIBRARIES = YES;
				CODE_SIGN_STYLE = Automatic;
				CURRENT_PROJECT_VERSION = 1;
				DEVELOPMENT_TEAM = 85G7CTGPPS;
				GENERATE_INFOPLIST_FILE = YES;
				MARKETING_VERSION = 1.0;
				PRODUCT_BUNDLE_IDENTIFIER = me.teodoro.calle.MELIChallengeAppUITests;
				PRODUCT_NAME = "$(TARGET_NAME)";
				SWIFT_EMIT_LOC_STRINGS = NO;
				SWIFT_VERSION = 5.0;
				TARGETED_DEVICE_FAMILY = "1,2";
				TEST_TARGET_NAME = MELIChallengeApp;
			};
			name = Release;
		};
/* End XCBuildConfiguration section */

/* Begin XCConfigurationList section */
		84BEB7262BADE79800E6D05D /* Build configuration list for PBXProject "MELIChallengeApp" */ = {
			isa = XCConfigurationList;
			buildConfigurations = (
				84BEB74D2BADE79C00E6D05D /* Debug */,
				84BEB74E2BADE79C00E6D05D /* Release */,
			);
			defaultConfigurationIsVisible = 0;
			defaultConfigurationName = Release;
		};
		84BEB74F2BADE79C00E6D05D /* Build configuration list for PBXNativeTarget "MELIChallengeApp" */ = {
			isa = XCConfigurationList;
			buildConfigurations = (
				84BEB7502BADE79C00E6D05D /* Debug */,
				84BEB7512BADE79C00E6D05D /* Release */,
			);
			defaultConfigurationIsVisible = 0;
			defaultConfigurationName = Release;
		};
		84BEB7522BADE79C00E6D05D /* Build configuration list for PBXNativeTarget "MELIChallengeAppTests" */ = {
			isa = XCConfigurationList;
			buildConfigurations = (
				84BEB7532BADE79C00E6D05D /* Debug */,
				84BEB7542BADE79C00E6D05D /* Release */,
			);
			defaultConfigurationIsVisible = 0;
			defaultConfigurationName = Release;
		};
		84BEB7552BADE79C00E6D05D /* Build configuration list for PBXNativeTarget "MELIChallengeAppUITests" */ = {
			isa = XCConfigurationList;
			buildConfigurations = (
				84BEB7562BADE79C00E6D05D /* Debug */,
				84BEB7572BADE79C00E6D05D /* Release */,
			);
			defaultConfigurationIsVisible = 0;
			defaultConfigurationName = Release;
		};
/* End XCConfigurationList section */

/* Begin XCRemoteSwiftPackageReference section */
		84BEB7632BAE127700E6D05D /* XCRemoteSwiftPackageReference "Kingfisher" */ = {
			isa = XCRemoteSwiftPackageReference;
			repositoryURL = "https://github.com/onevcat/Kingfisher.git";
			requirement = {
				kind = upToNextMajorVersion;
				minimumVersion = 7.11.0;
			};
		};
/* End XCRemoteSwiftPackageReference section */

/* Begin XCSwiftPackageProductDependency section */
		84BEB7642BAE143000E6D05D /* Kingfisher */ = {
			isa = XCSwiftPackageProductDependency;
			package = 84BEB7632BAE127700E6D05D /* XCRemoteSwiftPackageReference "Kingfisher" */;
			productName = Kingfisher;
		};
/* End XCSwiftPackageProductDependency section */
	};
	rootObject = 84BEB7232BADE79800E6D05D /* Project object */;
}
